
Microsoft Visual Studio Solution File, Format Version 12.00
# Visual Studio 2012
Project("{FAE04EC0-301F-11D3-BF4B-00C04F79EFBC}") = "CurrencyConverter", "CurrencyConverter\CurrencyConverter.csproj", "{39B5C556-BCAB-40F4-826B-E1BCB44AA0B1}"
EndProject
Project("{FAE04EC0-301F-11D3-BF4B-00C04F79EFBC}") = "CurrencyConverter.Droid", "Droid\CurrencyConverter.Droid.csproj", "{8B757D10-BBDE-4CF8-9342-0181577CA7BA}"
EndProject
Global
	GlobalSection(SolutionConfigurationPlatforms) = preSolution
		Debug|Any CPU = Debug|Any CPU
		Release|Any CPU = Release|Any CPU
	EndGlobalSection
	GlobalSection(ProjectConfigurationPlatforms) = postSolution
		{39B5C556-BCAB-40F4-826B-E1BCB44AA0B1}.Debug|Any CPU.ActiveCfg = Debug|Any CPU
		{39B5C556-BCAB-40F4-826B-E1BCB44AA0B1}.Debug|Any CPU.Build.0 = Debug|Any CPU
		{39B5C556-BCAB-40F4-826B-E1BCB44AA0B1}.Release|Any CPU.ActiveCfg = Release|Any CPU
		{39B5C556-BCAB-40F4-826B-E1BCB44AA0B1}.Release|Any CPU.Build.0 = Release|Any CPU
		{8B757D10-BBDE-4CF8-9342-0181577CA7BA}.Debug|Any CPU.ActiveCfg = Debug|Any CPU
		{8B757D10-BBDE-4CF8-9342-0181577CA7BA}.Debug|Any CPU.Build.0 = Debug|Any CPU
		{8B757D10-BBDE-4CF8-9342-0181577CA7BA}.Release|Any CPU.ActiveCfg = Release|Any CPU
		{8B757D10-BBDE-4CF8-9342-0181577CA7BA}.Release|Any CPU.Build.0 = Release|Any CPU
	EndGlobalSection
EndGlobal
